
Microsoft Visual Studio Solution File, Format Version 12.00
# Visual Studio Version 16
VisualStudioVersion = 16.0.32428.217
MinimumVisualStudioVersion = 10.0.40219.1
Project("{8BC9CEB8-8B4A-11D0-8D11-00A0C91BC942}") = "Course work 2", "Course work 2\Course work 2.vcxproj", "{AD63E723-AC3D-4513-B2BB-A729C4FFF23C}"
EndProject
Global
	GlobalSection(SolutionConfigurationPlatforms) = preSolution
		Debug|x64 = Debug|x64
		Debug|x86 = Debug|x86
		Release|x64 = Release|x64
		Release|x86 = Release|x86
	EndGlobalSection
	GlobalSection(ProjectConfigurationPlatforms) = postSolution
		{AD63E723-AC3D-4513-B2BB-A729C4FFF23C}.Debug|x64.ActiveCfg = Debug|x64
		{AD63E723-AC3D-4513-B2BB-A729C4FFF23C}.Debug|x64.Build.0 = Debug|x64
		{AD63E723-AC3D-4513-B2BB-A729C4FFF23C}.Debug|x86.ActiveCfg = Debug|Win32
		{AD63E723-AC3D-4513-B2BB-A729C4FFF23C}.Debug|x86.Build.0 = Debug|Win32
		{AD63E723-AC3D-4513-B2BB-A729C4FFF23C}.Release|x64.ActiveCfg = Release|x64
		{AD63E723-AC3D-4513-B2BB-A729C4FFF23C}.Release|x64.Build.0 = Release|x64
		{AD63E723-AC3D-4513-B2BB-A729C4FFF23C}.Release|x86.ActiveCfg = Release|Win32
		{AD63E723-AC3D-4513-B2BB-A729C4FFF23C}.Release|x86.Build.0 = Release|Win32
	EndGlobalSection
	GlobalSection(SolutionProperties) = preSolution
		HideSolutionNode = FALSE
	EndGlobalSection
	GlobalSection(ExtensibilityGlobals) = postSolution
		SolutionGuid = {4F87E6E2-625C-4FB2-A8F8-22E54860B207}
	EndGlobalSection
EndGlobal
