<?xml version="1.0" encoding="utf-8"?>
<Project ToolsVersion="4.0" xmlns="http://schemas.microsoft.com/developer/msbuild/2003">
  <ItemGroup>
    <Filter Include="Исходные файлы">
      <UniqueIdentifier>{4FC737F1-C7A5-4376-A066-2A32D752A2FF}</UniqueIdentifier>
      <Extensions>cpp;c;cc;cxx;c++;cppm;ixx;def;odl;idl;hpj;bat;asm;asmx</Extensions>
    </Filter>
    <Filter Include="World">
      <UniqueIdentifier>{86b2c66b-2860-40d3-87d2-f207842398a8}</UniqueIdentifier>
    </Filter>
    <Filter Include="World\Headers">
      <UniqueIdentifier>{64113317-f108-4621-8a7a-3a7cc6a3eb74}</UniqueIdentifier>
    </Filter>
    <Filter Include="World\Cpp">
      <UniqueIdentifier>{74f31cc5-cc77-4934-a01e-b6f206dd2deb}</UniqueIdentifier>
    </Filter>
    <Filter Include="Characters">
      <UniqueIdentifier>{b1893d58-dfaf-48a5-8554-a909e5d517a0}</UniqueIdentifier>
    </Filter>
    <Filter Include="Characters\Player">
      <UniqueIdentifier>{62628473-3f26-4176-b99e-be3deea34fb2}</UniqueIdentifier>
    </Filter>
    <Filter Include="Characters\Monster">
      <UniqueIdentifier>{4694a0eb-ae0b-4914-a614-27278a59f11d}</UniqueIdentifier>
    </Filter>
    <Filter Include="Characters\Monster\Undead">
      <UniqueIdentifier>{4fbc3504-8258-4022-9631-26155a1f4857}</UniqueIdentifier>
    </Filter>
    <Filter Include="Characters\Monster\Demon">
      <UniqueIdentifier>{33486ea4-d724-441e-8a1c-b0feec59d357}</UniqueIdentifier>
    </Filter>
    <Filter Include="Characters\Monster\Spirit">
      <UniqueIdentifier>{c568ede0-d42d-42f1-85c1-73993ea0d76f}</UniqueIdentifier>
    </Filter>
    <Filter Include="Characters\Monster\Monster type">
      <UniqueIdentifier>{7be06b9e-eaab-4c9e-96fc-735c142f3ff0}</UniqueIdentifier>
    </Filter>
    <Filter Include="Algorithms">
      <UniqueIdentifier>{e660fc72-8c87-4897-b3aa-d0bc09e953e0}</UniqueIdentifier>
    </Filter>
    <Filter Include="Algorithms\Headers">
      <UniqueIdentifier>{ec8cb584-455a-4094-8f58-6dd9709f9a11}</UniqueIdentifier>
    </Filter>
    <Filter Include="Algorithms\Cpp">
      <UniqueIdentifier>{cdf5f9f7-f8b7-403c-bc9a-97dae8aa5370}</UniqueIdentifier>
    </Filter>
    <Filter Include="Characters\Other">
      <UniqueIdentifier>{f347b5ce-9219-4096-9fe9-3a390e0cbca6}</UniqueIdentifier>
    </Filter>
    <Filter Include="Characters\Other\Headers">
      <UniqueIdentifier>{bca63903-cf1f-41b4-897e-acbcb555a356}</UniqueIdentifier>
    </Filter>
    <Filter Include="Characters\Other\Cpp">
      <UniqueIdentifier>{78a00062-e01a-482d-8a74-8849428f1a46}</UniqueIdentifier>
    </Filter>
    <Filter Include="Recorder">
      <UniqueIdentifier>{47ed0feb-8d7a-45f0-91b5-1573bdf871ec}</UniqueIdentifier>
    </Filter>
    <Filter Include="Render">
      <UniqueIdentifier>{1d13479d-4395-482a-a5e7-4c68f71f48b3}</UniqueIdentifier>
    </Filter>
    <Filter Include="Recorder\Headers">
      <UniqueIdentifier>{f3a3122f-90ac-43c8-9eae-6ad72ca8094d}</UniqueIdentifier>
    </Filter>
    <Filter Include="Recorder\Cpp">
      <UniqueIdentifier>{1c53812f-5d09-451c-96f1-2d49ff791fb1}</UniqueIdentifier>
    </Filter>
    <Filter Include="Characters\Monster\Demon\Headers">
      <UniqueIdentifier>{da325418-9f6f-4d82-8562-6177ad365163}</UniqueIdentifier>
    </Filter>
    <Filter Include="Characters\Monster\Demon\Cpp">
      <UniqueIdentifier>{552ed798-ff6e-409f-b9f3-509ff26c725d}</UniqueIdentifier>
    </Filter>
    <Filter Include="Characters\Monster\Spirit\Headers">
      <UniqueIdentifier>{39cfbcf0-84e3-4c29-b11e-d50e6f9740f7}</UniqueIdentifier>
    </Filter>
    <Filter Include="Characters\Monster\Spirit\Cpp">
      <UniqueIdentifier>{cb65a225-db4a-4f3b-aecb-c1e203a1c1c7}</UniqueIdentifier>
    </Filter>
    <Filter Include="Characters\Monster\Undead\Headers">
      <UniqueIdentifier>{46b71a6c-4981-4979-925e-9a096c3610ca}</UniqueIdentifier>
    </Filter>
    <Filter Include="Characters\Monster\Undead\Cpp">
      <UniqueIdentifier>{3e35ca94-0141-4edf-9295-48ff50bd1f1d}</UniqueIdentifier>
    </Filter>
    <Filter Include="Menu">
      <UniqueIdentifier>{360097f7-933d-4241-8612-fedc96127cb6}</UniqueIdentifier>
    </Filter>
    <Filter Include="Menu\Headers">
      <UniqueIdentifier>{dbc6ac93-bc25-4810-86c4-fa21f9dcd599}</UniqueIdentifier>
    </Filter>
    <Filter Include="Menu\Cpp">
      <UniqueIdentifier>{c6dc646f-3793-4df6-bbb5-cbf037d4d9e1}</UniqueIdentifier>
    </Filter>
    <Filter Include="World\Buildings">
      <UniqueIdentifier>{0b7750d2-5ca2-459a-a6de-ac31cb50f895}</UniqueIdentifier>
    </Filter>
    <Filter Include="World\Buildings\Cpp">
      <UniqueIdentifier>{c448bb89-5470-402a-adc6-962978213bce}</UniqueIdentifier>
    </Filter>
    <Filter Include="World\Buildings\Headers">
      <UniqueIdentifier>{59ef35e4-e48f-45b2-ac7c-e062345701e9}</UniqueIdentifier>
    </Filter>
  </ItemGroup>
  <ItemGroup>
    <ClCompile Include="Main.cpp">
      <Filter>Исходные файлы</Filter>
    </ClCompile>
    <ClCompile Include="Player.cpp">
      <Filter>Characters\Player</Filter>
    </ClCompile>
    <ClCompile Include="Dungeon.cpp">
      <Filter>World\Cpp</Filter>
    </ClCompile>
    <ClCompile Include="World.cpp">
      <Filter>World\Cpp</Filter>
    </ClCompile>
    <ClCompile Include="AStar.cpp">
      <Filter>Algorithms\Cpp</Filter>
    </ClCompile>
    <ClCompile Include="Perlin.cpp">
      <Filter>Algorithms\Cpp</Filter>
    </ClCompile>
    <ClCompile Include="AI.cpp">
      <Filter>Characters\Other\Cpp</Filter>
    </ClCompile>
    <ClCompile Include="HUD.cpp">
      <Filter>Characters\Other\Cpp</Filter>
    </ClCompile>
    <ClCompile Include="Render.cpp">
      <Filter>Render</Filter>
    </ClCompile>
    <ClCompile Include="Recorder.cpp">
      <Filter>Recorder\Cpp</Filter>
    </ClCompile>
    <ClCompile Include="Imp.cpp">
      <Filter>Characters\Monster\Demon\Cpp</Filter>
    </ClCompile>
    <ClCompile Include="Possessed.cpp">
      <Filter>Characters\Monster\Demon\Cpp</Filter>
    </ClCompile>
    <ClCompile Include="Mancubus.cpp">
      <Filter>Characters\Monster\Demon\Cpp</Filter>
    </ClCompile>
    <ClCompile Include="Ghoul.cpp">
      <Filter>Characters\Monster\Spirit\Cpp</Filter>
    </ClCompile>
    <ClCompile Include="Gin.cpp">
      <Filter>Characters\Monster\Spirit\Cpp</Filter>
    </ClCompile>
    <ClCompile Include="Mummy.cpp">
      <Filter>Characters\Monster\Spirit\Cpp</Filter>
    </ClCompile>
    <ClCompile Include="Skeleton.cpp">
      <Filter>Characters\Monster\Undead\Cpp</Filter>
    </ClCompile>
    <ClCompile Include="Draugr.cpp">
      <Filter>Characters\Monster\Undead\Cpp</Filter>
    </ClCompile>
    <ClCompile Include="Zombie.cpp">
      <Filter>Characters\Monster\Undead\Cpp</Filter>
    </ClCompile>
    <ClCompile Include="Adapter.cpp">
      <Filter>Recorder\Cpp</Filter>
    </ClCompile>
    <ClCompile Include="Game.cpp">
      <Filter>Menu\Cpp</Filter>
    </ClCompile>
    <ClCompile Include="Settings.cpp">
      <Filter>Menu\Cpp</Filter>
    </ClCompile>
    <ClCompile Include="Penguin.cpp">
      <Filter>Menu\Cpp</Filter>
    </ClCompile>
    <ClCompile Include="Castle.cpp">
      <Filter>World\Buildings\Cpp</Filter>
    </ClCompile>
    <ClCompile Include="Pyramid.cpp">
      <Filter>World\Buildings\Cpp</Filter>
    </ClCompile>
    <ClCompile Include="Level.cpp">
      <Filter>Characters\Other\Cpp</Filter>
    </ClCompile>
    <ClCompile Include="Character.cpp">
      <Filter>Characters\Other\Cpp</Filter>
    </ClCompile>
    <ClCompile Include="Sword.cpp">
      <Filter>Characters\Other\Cpp</Filter>
    </ClCompile>
  </ItemGroup>
  <ItemGroup>
    <ClInclude Include="Undead.h">
      <Filter>Characters\Monster\Monster type</Filter>
    </ClInclude>
    <ClInclude Include="Demon.h">
      <Filter>Characters\Monster\Monster type</Filter>
    </ClInclude>
    <ClInclude Include="Spirit.h">
      <Filter>Characters\Monster\Monster type</Filter>
    </ClInclude>
    <ClInclude Include="Rang_1.h">
      <Filter>Characters\Monster</Filter>
    </ClInclude>
    <ClInclude Include="Rang_2.h">
      <Filter>Characters\Monster</Filter>
    </ClInclude>
    <ClInclude Include="Rang_3.h">
      <Filter>Characters\Monster</Filter>
    </ClInclude>
    <ClInclude Include="Spawner.h">
      <Filter>Characters\Monster</Filter>
    </ClInclude>
    <ClInclude Include="Monster.h">
      <Filter>Characters\Monster</Filter>
    </ClInclude>
    <ClInclude Include="Player.h">
      <Filter>Characters\Player</Filter>
    </ClInclude>
    <ClInclude Include="Dungeon.h">
      <Filter>World\Headers</Filter>
    </ClInclude>
    <ClInclude Include="World.h">
      <Filter>World\Headers</Filter>
    </ClInclude>
    <ClInclude Include="AStar.hpp">
      <Filter>Algorithms\Headers</Filter>
    </ClInclude>
    <ClInclude Include="AI.h">
      <Filter>Characters\Other\Headers</Filter>
    </ClInclude>
    <ClInclude Include="Character.h">
      <Filter>Characters\Other\Headers</Filter>
    </ClInclude>
    <ClInclude Include="HUD.h">
      <Filter>Characters\Other\Headers</Filter>
    </ClInclude>
    <ClInclude Include="Actor.h" />
    <ClInclude Include="Render.h">
      <Filter>Render</Filter>
    </ClInclude>
    <ClInclude Include="Adapter.h">
      <Filter>Recorder\Headers</Filter>
    </ClInclude>
    <ClInclude Include="Log.h">
      <Filter>Recorder\Headers</Filter>
    </ClInclude>
    <ClInclude Include="Proxy.h">
      <Filter>Recorder\Headers</Filter>
    </ClInclude>
    <ClInclude Include="Recorder.h">
      <Filter>Recorder\Headers</Filter>
    </ClInclude>
    <ClInclude Include="Logging.h">
      <Filter>Recorder\Headers</Filter>
    </ClInclude>
    <ClInclude Include="Imp.h">
      <Filter>Characters\Monster\Demon\Headers</Filter>
    </ClInclude>
    <ClInclude Include="Mancubus.h">
      <Filter>Characters\Monster\Demon\Headers</Filter>
    </ClInclude>
    <ClInclude Include="Possessed.h">
      <Filter>Characters\Monster\Demon\Headers</Filter>
    </ClInclude>
    <ClInclude Include="Ghoul.h">
      <Filter>Characters\Monster\Spirit\Headers</Filter>
    </ClInclude>
    <ClInclude Include="Gin.h">
      <Filter>Characters\Monster\Spirit\Headers</Filter>
    </ClInclude>
    <ClInclude Include="Mummy.h">
      <Filter>Characters\Monster\Spirit\Headers</Filter>
    </ClInclude>
    <ClInclude Include="Draugr.h">
      <Filter>Characters\Monster\Undead\Headers</Filter>
    </ClInclude>
    <ClInclude Include="Skeleton.h">
      <Filter>Characters\Monster\Undead\Headers</Filter>
    </ClInclude>
    <ClInclude Include="Zombie.h">
      <Filter>Characters\Monster\Undead\Headers</Filter>
    </ClInclude>
    <ClInclude Include="Game.h">
      <Filter>Menu\Headers</Filter>
    </ClInclude>
    <ClInclude Include="Settings.h">
      <Filter>Menu\Headers</Filter>
    </ClInclude>
    <ClInclude Include="Penguin.h">
      <Filter>Menu\Headers</Filter>
    </ClInclude>
    <ClInclude Include="Castle.h">
      <Filter>World\Buildings\Headers</Filter>
    </ClInclude>
    <ClInclude Include="Pyramid.h">
      <Filter>World\Buildings\Headers</Filter>
    </ClInclude>
    <ClInclude Include="Level.h">
      <Filter>Characters\Other\Headers</Filter>
    </ClInclude>
    <ClInclude Include="Perlin.h">
      <Filter>Algorithms\Headers</Filter>
    </ClInclude>
    <ClInclude Include="Sword.h">
      <Filter>Characters\Other\Headers</Filter>
    </ClInclude>
  </ItemGroup>
  <ItemGroup>
    <Text Include="log.txt" />
  </ItemGroup>
</Project>